
Microsoft Visual Studio Solution File, Format Version 12.00
# Visual Studio Version 17
VisualStudioVersion = 17.8.34309.116
MinimumVisualStudioVersion = 10.0.40219.1
Project("{FAE04EC0-301F-11D3-BF4B-00C04F79EFBC}") = "GroupProject-Ecommerce", "GroupProject-Ecommerce.csproj", "{F811BDFF-35F2-4356-B6AC-55778E6C836E}"
EndProject
Global
	GlobalSection(SolutionConfigurationPlatforms) = preSolution
		Debug|Any CPU = Debug|Any CPU
		Release|Any CPU = Release|Any CPU
	EndGlobalSection
	GlobalSection(ProjectConfigurationPlatforms) = postSolution
		{F811BDFF-35F2-4356-B6AC-55778E6C836E}.Debug|Any CPU.ActiveCfg = Debug|Any CPU
		{F811BDFF-35F2-4356-B6AC-55778E6C836E}.Debug|Any CPU.Build.0 = Debug|Any CPU
		{F811BDFF-35F2-4356-B6AC-55778E6C836E}.Release|Any CPU.ActiveCfg = Release|Any CPU
		{F811BDFF-35F2-4356-B6AC-55778E6C836E}.Release|Any CPU.Build.0 = Release|Any CPU
	EndGlobalSection
	GlobalSection(SolutionProperties) = preSolution
		HideSolutionNode = FALSE
	EndGlobalSection
	GlobalSection(ExtensibilityGlobals) = postSolution
		SolutionGuid = {DBE82EA0-3A4D-4B0D-A536-7F7E80A3C45F}
	EndGlobalSection
EndGlobal
